
Microsoft Visual Studio Solution File, Format Version 12.00
Project("{FAE04EC0-301F-11D3-BF4B-00C04F79EFBC}") = "DsaWuerfelApp", "DsaWuerfelApp\DsaWuerfelApp\DsaWuerfelApp.csproj", "{D8542CB2-C879-4885-BC0D-191251FE1BE3}"
EndProject
Project("{FAE04EC0-301F-11D3-BF4B-00C04F79EFBC}") = "DsaWuerfelApp.Client", "DsaWuerfelApp\DsaWuerfelApp.Client\DsaWuerfelApp.Client.csproj", "{981D4C5D-14A5-4E5F-AC89-2B0B02E016BD}"
EndProject
Project("{FAE04EC0-301F-11D3-BF4B-00C04F79EFBC}") = "DsaWuerfelApp.Shared", "DsaWuerfelApp\DsaWuerfelApp.Shared\DsaWuerfelApp.Shared.csproj", "{70FF075E-FC19-43AE-9F4B-49E728C2D1E5}"
EndProject
Project("{FAE04EC0-301F-11D3-BF4B-00C04F79EFBC}") = "DsaWuerfelApp.Tests", "DsaWuerfelApp\DsaWuerfelApp.Tests\DsaWuerfelApp.Tests.csproj", "{683A9134-3D4F-401C-80B0-69BD10CFB429}"
EndProject
Global
	GlobalSection(SolutionConfigurationPlatforms) = preSolution
		Debug|Any CPU = Debug|Any CPU
		Debug|x64 = Debug|x64
		Debug|x86 = Debug|x86
		Release|Any CPU = Release|Any CPU
		Release|x64 = Release|x64
		Release|x86 = Release|x86
	EndGlobalSection
	GlobalSection(ProjectConfigurationPlatforms) = postSolution
		{D8542CB2-C879-4885-BC0D-191251FE1BE3}.Debug|Any CPU.ActiveCfg = Debug|Any CPU
		{D8542CB2-C879-4885-BC0D-191251FE1BE3}.Debug|Any CPU.Build.0 = Debug|Any CPU
		{D8542CB2-C879-4885-BC0D-191251FE1BE3}.Debug|x64.ActiveCfg = Debug|Any CPU
		{D8542CB2-C879-4885-BC0D-191251FE1BE3}.Debug|x64.Build.0 = Debug|Any CPU
		{D8542CB2-C879-4885-BC0D-191251FE1BE3}.Debug|x86.ActiveCfg = Debug|Any CPU
		{D8542CB2-C879-4885-BC0D-191251FE1BE3}.Debug|x86.Build.0 = Debug|Any CPU
		{D8542CB2-C879-4885-BC0D-191251FE1BE3}.Release|Any CPU.ActiveCfg = Release|Any CPU
		{D8542CB2-C879-4885-BC0D-191251FE1BE3}.Release|Any CPU.Build.0 = Release|Any CPU
		{D8542CB2-C879-4885-BC0D-191251FE1BE3}.Release|x64.ActiveCfg = Release|Any CPU
		{D8542CB2-C879-4885-BC0D-191251FE1BE3}.Release|x64.Build.0 = Release|Any CPU
		{D8542CB2-C879-4885-BC0D-191251FE1BE3}.Release|x86.ActiveCfg = Release|Any CPU
		{D8542CB2-C879-4885-BC0D-191251FE1BE3}.Release|x86.Build.0 = Release|Any CPU
		{981D4C5D-14A5-4E5F-AC89-2B0B02E016BD}.Debug|Any CPU.ActiveCfg = Debug|Any CPU
		{981D4C5D-14A5-4E5F-AC89-2B0B02E016BD}.Debug|Any CPU.Build.0 = Debug|Any CPU
		{981D4C5D-14A5-4E5F-AC89-2B0B02E016BD}.Debug|x64.ActiveCfg = Debug|Any CPU
		{981D4C5D-14A5-4E5F-AC89-2B0B02E016BD}.Debug|x64.Build.0 = Debug|Any CPU
		{981D4C5D-14A5-4E5F-AC89-2B0B02E016BD}.Debug|x86.ActiveCfg = Debug|Any CPU
		{981D4C5D-14A5-4E5F-AC89-2B0B02E016BD}.Debug|x86.Build.0 = Debug|Any CPU
		{981D4C5D-14A5-4E5F-AC89-2B0B02E016BD}.Release|Any CPU.ActiveCfg = Release|Any CPU
		{981D4C5D-14A5-4E5F-AC89-2B0B02E016BD}.Release|Any CPU.Build.0 = Release|Any CPU
		{981D4C5D-14A5-4E5F-AC89-2B0B02E016BD}.Release|x64.ActiveCfg = Release|Any CPU
		{981D4C5D-14A5-4E5F-AC89-2B0B02E016BD}.Release|x64.Build.0 = Release|Any CPU
		{981D4C5D-14A5-4E5F-AC89-2B0B02E016BD}.Release|x86.ActiveCfg = Release|Any CPU
		{981D4C5D-14A5-4E5F-AC89-2B0B02E016BD}.Release|x86.Build.0 = Release|Any CPU
		{70FF075E-FC19-43AE-9F4B-49E728C2D1E5}.Debug|Any CPU.ActiveCfg = Debug|Any CPU
		{70FF075E-FC19-43AE-9F4B-49E728C2D1E5}.Debug|Any CPU.Build.0 = Debug|Any CPU
		{70FF075E-FC19-43AE-9F4B-49E728C2D1E5}.Debug|x64.ActiveCfg = Debug|Any CPU
		{70FF075E-FC19-43AE-9F4B-49E728C2D1E5}.Debug|x64.Build.0 = Debug|Any CPU
		{70FF075E-FC19-43AE-9F4B-49E728C2D1E5}.Debug|x86.ActiveCfg = Debug|Any CPU
		{70FF075E-FC19-43AE-9F4B-49E728C2D1E5}.Debug|x86.Build.0 = Debug|Any CPU
		{70FF075E-FC19-43AE-9F4B-49E728C2D1E5}.Release|Any CPU.ActiveCfg = Release|Any CPU
		{70FF075E-FC19-43AE-9F4B-49E728C2D1E5}.Release|Any CPU.Build.0 = Release|Any CPU
		{70FF075E-FC19-43AE-9F4B-49E728C2D1E5}.Release|x64.ActiveCfg = Release|Any CPU
		{70FF075E-FC19-43AE-9F4B-49E728C2D1E5}.Release|x64.Build.0 = Release|Any CPU
		{70FF075E-FC19-43AE-9F4B-49E728C2D1E5}.Release|x86.ActiveCfg = Release|Any CPU
		{70FF075E-FC19-43AE-9F4B-49E728C2D1E5}.Release|x86.Build.0 = Release|Any CPU
		{683A9134-3D4F-401C-80B0-69BD10CFB429}.Debug|Any CPU.ActiveCfg = Debug|Any CPU
		{683A9134-3D4F-401C-80B0-69BD10CFB429}.Debug|Any CPU.Build.0 = Debug|Any CPU
		{683A9134-3D4F-401C-80B0-69BD10CFB429}.Debug|x64.ActiveCfg = Debug|Any CPU
		{683A9134-3D4F-401C-80B0-69BD10CFB429}.Debug|x64.Build.0 = Debug|Any CPU
		{683A9134-3D4F-401C-80B0-69BD10CFB429}.Debug|x86.ActiveCfg = Debug|Any CPU
		{683A9134-3D4F-401C-80B0-69BD10CFB429}.Debug|x86.Build.0 = Debug|Any CPU
		{683A9134-3D4F-401C-80B0-69BD10CFB429}.Release|Any CPU.ActiveCfg = Release|Any CPU
		{683A9134-3D4F-401C-80B0-69BD10CFB429}.Release|Any CPU.Build.0 = Release|Any CPU
		{683A9134-3D4F-401C-80B0-69BD10CFB429}.Release|x64.ActiveCfg = Release|Any CPU
		{683A9134-3D4F-401C-80B0-69BD10CFB429}.Release|x64.Build.0 = Release|Any CPU
		{683A9134-3D4F-401C-80B0-69BD10CFB429}.Release|x86.ActiveCfg = Release|Any CPU
		{683A9134-3D4F-401C-80B0-69BD10CFB429}.Release|x86.Build.0 = Release|Any CPU
	EndGlobalSection
	GlobalSection(SolutionProperties) = preSolution
		HideSolutionNode = FALSE
	EndGlobalSection
EndGlobal
